
Microsoft Visual Studio Solution File, Format Version 12.00
# Visual Studio Version 16
VisualStudioVersion = 16.0.30804.86
MinimumVisualStudioVersion = 10.0.40219.1
Project("{9A19103F-16F7-4668-BE54-9A1E7A4F7556}") = "NativoPlusStudio.AuthToken.Core", "NativoPlusStudio.AuthToken.Core\NativoPlusStudio.AuthToken.Core.csproj", "{67A68A9F-0827-4C8D-8D89-EC8BAA483A3B}"
EndProject
Project("{2150E333-8FDC-42A3-9474-1A3956D46DE8}") = "Test", "Test", "{167F520C-F838-4534-8D76-849606ECC37B}"
EndProject
Project("{9A19103F-16F7-4668-BE54-9A1E7A4F7556}") = "NativoPlusStudio.AuthToken.CoreTest", "NativoPlusStudio.AuthToken.CoreTest\NativoPlusStudio.AuthToken.CoreTest.csproj", "{E647F608-CC9D-41C2-B812-76AE1F6CA623}"
EndProject
Project("{9A19103F-16F7-4668-BE54-9A1E7A4F7556}") = "Example", "Example\Example.csproj", "{32F1F3CF-2364-461A-AD53-99F25A2B4A39}"
EndProject
Project("{FAE04EC0-301F-11D3-BF4B-00C04F79EFBC}") = "ExampleLib", "ExampleLib\ExampleLib.csproj", "{186D55BD-673E-4737-9904-A18BBDEBCB1B}"
EndProject
Global
	GlobalSection(SolutionConfigurationPlatforms) = preSolution
		Debug|Any CPU = Debug|Any CPU
		Release|Any CPU = Release|Any CPU
	EndGlobalSection
	GlobalSection(ProjectConfigurationPlatforms) = postSolution
		{67A68A9F-0827-4C8D-8D89-EC8BAA483A3B}.Debug|Any CPU.ActiveCfg = Debug|Any CPU
		{67A68A9F-0827-4C8D-8D89-EC8BAA483A3B}.Debug|Any CPU.Build.0 = Debug|Any CPU
		{67A68A9F-0827-4C8D-8D89-EC8BAA483A3B}.Release|Any CPU.ActiveCfg = Release|Any CPU
		{67A68A9F-0827-4C8D-8D89-EC8BAA483A3B}.Release|Any CPU.Build.0 = Release|Any CPU
		{E647F608-CC9D-41C2-B812-76AE1F6CA623}.Debug|Any CPU.ActiveCfg = Debug|Any CPU
		{E647F608-CC9D-41C2-B812-76AE1F6CA623}.Debug|Any CPU.Build.0 = Debug|Any CPU
		{E647F608-CC9D-41C2-B812-76AE1F6CA623}.Release|Any CPU.ActiveCfg = Release|Any CPU
		{E647F608-CC9D-41C2-B812-76AE1F6CA623}.Release|Any CPU.Build.0 = Release|Any CPU
		{32F1F3CF-2364-461A-AD53-99F25A2B4A39}.Debug|Any CPU.ActiveCfg = Debug|Any CPU
		{32F1F3CF-2364-461A-AD53-99F25A2B4A39}.Debug|Any CPU.Build.0 = Debug|Any CPU
		{32F1F3CF-2364-461A-AD53-99F25A2B4A39}.Release|Any CPU.ActiveCfg = Release|Any CPU
		{32F1F3CF-2364-461A-AD53-99F25A2B4A39}.Release|Any CPU.Build.0 = Release|Any CPU
		{186D55BD-673E-4737-9904-A18BBDEBCB1B}.Debug|Any CPU.ActiveCfg = Debug|Any CPU
		{186D55BD-673E-4737-9904-A18BBDEBCB1B}.Debug|Any CPU.Build.0 = Debug|Any CPU
		{186D55BD-673E-4737-9904-A18BBDEBCB1B}.Release|Any CPU.ActiveCfg = Release|Any CPU
		{186D55BD-673E-4737-9904-A18BBDEBCB1B}.Release|Any CPU.Build.0 = Release|Any CPU
	EndGlobalSection
	GlobalSection(SolutionProperties) = preSolution
		HideSolutionNode = FALSE
	EndGlobalSection
	GlobalSection(NestedProjects) = preSolution
		{E647F608-CC9D-41C2-B812-76AE1F6CA623} = {167F520C-F838-4534-8D76-849606ECC37B}
	EndGlobalSection
	GlobalSection(ExtensibilityGlobals) = postSolution
		SolutionGuid = {8CC82A46-60DA-4857-B9AB-D54E19031622}
	EndGlobalSection
EndGlobal
