
Microsoft Visual Studio Solution File, Format Version 12.00
# Visual Studio Version 16
VisualStudioVersion = 16.0.30804.86
MinimumVisualStudioVersion = 10.0.40219.1
Project("{FAE04EC0-301F-11D3-BF4B-00C04F79EFBC}") = "NativoPlusStudio.AuthToken.Core", "NativoPlusStudio.AuthToken.Core\NativoPlusStudio.AuthToken.Core.csproj", "{67A68A9F-0827-4C8D-8D89-EC8BAA483A3B}"
EndProject
Global
	GlobalSection(SolutionConfigurationPlatforms) = preSolution
		Debug|Any CPU = Debug|Any CPU
		Release|Any CPU = Release|Any CPU
	EndGlobalSection
	GlobalSection(ProjectConfigurationPlatforms) = postSolution
		{67A68A9F-0827-4C8D-8D89-EC8BAA483A3B}.Debug|Any CPU.ActiveCfg = Debug|Any CPU
		{67A68A9F-0827-4C8D-8D89-EC8BAA483A3B}.Debug|Any CPU.Build.0 = Debug|Any CPU
		{67A68A9F-0827-4C8D-8D89-EC8BAA483A3B}.Release|Any CPU.ActiveCfg = Release|Any CPU
		{67A68A9F-0827-4C8D-8D89-EC8BAA483A3B}.Release|Any CPU.Build.0 = Release|Any CPU
	EndGlobalSection
	GlobalSection(SolutionProperties) = preSolution
		HideSolutionNode = FALSE
	EndGlobalSection
	GlobalSection(ExtensibilityGlobals) = postSolution
		SolutionGuid = {8CC82A46-60DA-4857-B9AB-D54E19031622}
	EndGlobalSection
EndGlobal
